
Microsoft Visual Studio Solution File, Format Version 12.00
# Visual Studio Version 16
VisualStudioVersion = 16.0.31729.503
MinimumVisualStudioVersion = 10.0.40219.1
Project("{FAE04EC0-301F-11D3-BF4B-00C04F79EFBC}") = "postGres", "postGres\postGres.csproj", "{35CC001F-5835-40F3-B196-715D8D045625}"
EndProject
Global
	GlobalSection(SolutionConfigurationPlatforms) = preSolution
		Debug|Any CPU = Debug|Any CPU
		Release|Any CPU = Release|Any CPU
	EndGlobalSection
	GlobalSection(ProjectConfigurationPlatforms) = postSolution
		{35CC001F-5835-40F3-B196-715D8D045625}.Debug|Any CPU.ActiveCfg = Debug|Any CPU
		{35CC001F-5835-40F3-B196-715D8D045625}.Debug|Any CPU.Build.0 = Debug|Any CPU
		{35CC001F-5835-40F3-B196-715D8D045625}.Release|Any CPU.ActiveCfg = Release|Any CPU
		{35CC001F-5835-40F3-B196-715D8D045625}.Release|Any CPU.Build.0 = Release|Any CPU
	EndGlobalSection
	GlobalSection(SolutionProperties) = preSolution
		HideSolutionNode = FALSE
	EndGlobalSection
	GlobalSection(ExtensibilityGlobals) = postSolution
		SolutionGuid = {34D1066C-18AF-49FD-B115-6FD8352CEDDE}
	EndGlobalSection
EndGlobal
